<?xml version="1.0" encoding="utf-8"?>
<Project ToolsVersion="4.0" xmlns="http://schemas.microsoft.com/developer/msbuild/2003">
  <ItemGroup>
    <Filter Include="소스 파일">
      <UniqueIdentifier>{4FC737F1-C7A5-4376-A066-2A32D752A2FF}</UniqueIdentifier>
      <Extensions>cpp;c;cc;cxx;def;odl;idl;hpj;bat;asm;asmx</Extensions>
    </Filter>
    <Filter Include="헤더 파일">
      <UniqueIdentifier>{93995380-89BD-4b04-88EB-625FBE52EBFB}</UniqueIdentifier>
      <Extensions>h;hh;hpp;hxx;hm;inl;inc;ipp;xsd</Extensions>
    </Filter>
    <Filter Include="리소스 파일">
      <UniqueIdentifier>{67DA6AB6-F800-4c08-8B7A-83BB121AAD01}</UniqueIdentifier>
      <Extensions>rc;ico;cur;bmp;dlg;rc2;rct;bin;rgs;gif;jpg;jpeg;jpe;resx;tiff;tif;png;wav;mfcribbon-ms</Extensions>
    </Filter>
  </ItemGroup>
  <ItemGroup>
    <ClCompile Include="3029_경고.cpp">
      <Filter>소스 파일</Filter>
    </ClCompile>
    <ClCompile Include="1697_숨바꼭질_dfs_fail.cpp">
      <Filter>소스 파일</Filter>
    </ClCompile>
    <ClCompile Include="1697_숨바꼭질_bfs.cpp">
      <Filter>소스 파일</Filter>
    </ClCompile>
    <ClCompile Include="코딜리티2진수.cpp">
      <Filter>소스 파일</Filter>
    </ClCompile>
    <ClCompile Include="코딜리티사이클.cpp">
      <Filter>소스 파일</Filter>
    </ClCompile>
    <ClCompile Include="2504_괄호의값.cpp">
      <Filter>소스 파일</Filter>
    </ClCompile>
    <ClCompile Include="3111_검열_array.cpp">
      <Filter>소스 파일</Filter>
    </ClCompile>
    <ClCompile Include="3111_검열_deque.cpp">
      <Filter>소스 파일</Filter>
    </ClCompile>
    <ClCompile Include="filetest.c">
      <Filter>소스 파일</Filter>
    </ClCompile>
    <ClCompile Include="1946_신입사원_그리디.cpp">
      <Filter>소스 파일</Filter>
    </ClCompile>
    <ClCompile Include="11720_숫자의합_문자열.cpp">
      <Filter>소스 파일</Filter>
    </ClCompile>
    <ClCompile Include="2577_숫자의개수_문자열.cpp">
      <Filter>소스 파일</Filter>
    </ClCompile>
    <ClCompile Include="1152_단어의개수_문자열.cpp">
      <Filter>소스 파일</Filter>
    </ClCompile>
    <ClCompile Include="8958_OX퀴즈_문자열.cpp">
      <Filter>소스 파일</Filter>
    </ClCompile>
    <ClCompile Include="10162_전자레인지_그리디W.cpp">
      <Filter>소스 파일</Filter>
    </ClCompile>
    <ClCompile Include="2588_곱셈.c">
      <Filter>소스 파일</Filter>
    </ClCompile>
    <ClCompile Include="10809알파벳찾기.c">
      <Filter>소스 파일</Filter>
    </ClCompile>
    <ClCompile Include="11721_열개씩끊어출력하기.c">
      <Filter>소스 파일</Filter>
    </ClCompile>
    <ClCompile Include="1157_단어공부.c">
      <Filter>소스 파일</Filter>
    </ClCompile>
    <ClCompile Include="1065_한수.c">
      <Filter>소스 파일</Filter>
    </ClCompile>
    <ClCompile Include="11724_연결요소의개수.c">
      <Filter>소스 파일</Filter>
    </ClCompile>
    <ClCompile Include="11656_접미사배열.cpp">
      <Filter>소스 파일</Filter>
    </ClCompile>
    <ClCompile Include="swea_등산로조성.cpp">
      <Filter>소스 파일</Filter>
    </ClCompile>
    <ClCompile Include="DP_11057_오르막수.cpp">
      <Filter>소스 파일</Filter>
    </ClCompile>
    <ClCompile Include="DP_11722_가장긴감소하는부분수열.cpp">
      <Filter>소스 파일</Filter>
    </ClCompile>
    <ClCompile Include="DP_11054번_가장긴바이토닉부분수열.cpp">
      <Filter>소스 파일</Filter>
    </ClCompile>
    <ClCompile Include="TwoP_2003_수들의합2.cpp">
      <Filter>소스 파일</Filter>
    </ClCompile>
    <ClCompile Include="라인테스트.cpp">
      <Filter>소스 파일</Filter>
    </ClCompile>
    <ClCompile Include="SM_BOJ17140_이차원배열과연산.cpp">
      <Filter>소스 파일</Filter>
    </ClCompile>
    <ClCompile Include="SM_20061_모노미노도미노2.cpp">
      <Filter>소스 파일</Filter>
    </ClCompile>
  </ItemGroup>
</Project>